
Microsoft Visual Studio Solution File, Format Version 12.00
# Visual Studio Version 16
VisualStudioVersion = 16.0.30717.126
MinimumVisualStudioVersion = 10.0.40219.1
Project("{FAE04EC0-301F-11D3-BF4B-00C04F79EFBC}") = "SnakesAndLadders", "SnakesAndLadders\SnakesAndLadders.csproj", "{9EBB28CE-B45B-4F9D-B345-041C5DE61BAD}"
EndProject
Project("{FAE04EC0-301F-11D3-BF4B-00C04F79EFBC}") = "SnakesAndLadders.Tests", "SnakesAndLadders.Tests\SnakesAndLadders.Tests.csproj", "{442B359B-B7B8-4F51-9A4B-B36B159EFA25}"
EndProject
Global
	GlobalSection(SolutionConfigurationPlatforms) = preSolution
		Debug|Any CPU = Debug|Any CPU
		Release|Any CPU = Release|Any CPU
	EndGlobalSection
	GlobalSection(ProjectConfigurationPlatforms) = postSolution
		{9EBB28CE-B45B-4F9D-B345-041C5DE61BAD}.Debug|Any CPU.ActiveCfg = Debug|Any CPU
		{9EBB28CE-B45B-4F9D-B345-041C5DE61BAD}.Debug|Any CPU.Build.0 = Debug|Any CPU
		{9EBB28CE-B45B-4F9D-B345-041C5DE61BAD}.Release|Any CPU.ActiveCfg = Release|Any CPU
		{9EBB28CE-B45B-4F9D-B345-041C5DE61BAD}.Release|Any CPU.Build.0 = Release|Any CPU
		{442B359B-B7B8-4F51-9A4B-B36B159EFA25}.Debug|Any CPU.ActiveCfg = Debug|Any CPU
		{442B359B-B7B8-4F51-9A4B-B36B159EFA25}.Debug|Any CPU.Build.0 = Debug|Any CPU
		{442B359B-B7B8-4F51-9A4B-B36B159EFA25}.Release|Any CPU.ActiveCfg = Release|Any CPU
		{442B359B-B7B8-4F51-9A4B-B36B159EFA25}.Release|Any CPU.Build.0 = Release|Any CPU
	EndGlobalSection
	GlobalSection(SolutionProperties) = preSolution
		HideSolutionNode = FALSE
	EndGlobalSection
	GlobalSection(ExtensibilityGlobals) = postSolution
		SolutionGuid = {FD5B1998-AF84-4FC0-BCF2-8A027231E55B}
	EndGlobalSection
EndGlobal
